{
  "name": "outbox-runner",
  "version": "0.1.0",
  "lockfileVersion": 3,
  "requires": true,
  "packages": {
    "": {
      "name": "outbox-runner",
      "version": "0.1.0",
      "bin": {
        "outbox-runner": "index.js"
      },
      "engines": {
        "node": ">=18"
      }
    }
  }
}
